// !$*UTF8*$!
{
	archiveVersion = 1;
	classes = {
	};
	objectVersion = 50;
	objects = {

/* Begin PBXBuildFile section */
		107B35D326A0889900E21A78 /* AppDelegate.swift in Sources */ = {isa = PBXBuildFile; fileRef = 107B35D226A0889900E21A78 /* AppDelegate.swift */; };
		107B35D526A0889900E21A78 /* SceneDelegate.swift in Sources */ = {isa = PBXBuildFile; fileRef = 107B35D426A0889900E21A78 /* SceneDelegate.swift */; };
		107B35D726A0889900E21A78 /* ViewController.swift in Sources */ = {isa = PBXBuildFile; fileRef = 107B35D626A0889900E21A78 /* ViewController.swift */; };
		107B35DA26A0889900E21A78 /* Main.storyboard in Resources */ = {isa = PBXBuildFile; fileRef = 107B35D826A0889900E21A78 /* Main.storyboard */; };
		107B35DC26A0889C00E21A78 /* Assets.xcassets in Resources */ = {isa = PBXBuildFile; fileRef = 107B35DB26A0889C00E21A78 /* Assets.xcassets */; };
		107B35DF26A0889C00E21A78 /* LaunchScreen.storyboard in Resources */ = {isa = PBXBuildFile; fileRef = 107B35DD26A0889C00E21A78 /* LaunchScreen.storyboard */; };
		107B35EA26A0889C00E21A78 /* TodoListTests.swift in Sources */ = {isa = PBXBuildFile; fileRef = 107B35E926A0889C00E21A78 /* TodoListTests.swift */; };
		107B35F526A0889D00E21A78 /* TodoListUITests.swift in Sources */ = {isa = PBXBuildFile; fileRef = 107B35F426A0889D00E21A78 /* TodoListUITests.swift */; };
		107B360626A0A4CE00E21A78 /* ItemTableViewCell.swift in Sources */ = {isa = PBXBuildFile; fileRef = 107B360526A0A4CE00E21A78 /* ItemTableViewCell.swift */; };
		107B360B26A0A78D00E21A78 /* Item.swift in Sources */ = {isa = PBXBuildFile; fileRef = 107B360A26A0A78D00E21A78 /* Item.swift */; };
		107B361026A0F83700E21A78 /* ItemTableViewController.swift in Sources */ = {isa = PBXBuildFile; fileRef = 107B360F26A0F83700E21A78 /* ItemTableViewController.swift */; };
/* End PBXBuildFile section */

/* Begin PBXContainerItemProxy section */
		107B35E626A0889C00E21A78 /* PBXContainerItemProxy */ = {
			isa = PBXContainerItemProxy;
			containerPortal = 107B35C726A0889900E21A78 /* Project object */;
			proxyType = 1;
			remoteGlobalIDString = 107B35CE26A0889900E21A78;
			remoteInfo = TodoList;
		};
		107B35F126A0889D00E21A78 /* PBXContainerItemProxy */ = {
			isa = PBXContainerItemProxy;
			containerPortal = 107B35C726A0889900E21A78 /* Project object */;
			proxyType = 1;
			remoteGlobalIDString = 107B35CE26A0889900E21A78;
			remoteInfo = TodoList;
		};
/* End PBXContainerItemProxy section */

/* Begin PBXFileReference section */
		107B35CF26A0889900E21A78 /* TodoList.app */ = {isa = PBXFileReference; explicitFileType = wrapper.application; includeInIndex = 0; path = TodoList.app; sourceTree = BUILT_PRODUCTS_DIR; };
		107B35D226A0889900E21A78 /* AppDelegate.swift */ = {isa = PBXFileReference; lastKnownFileType = sourcecode.swift; path = AppDelegate.swift; sourceTree = "<group>"; };
		107B35D426A0889900E21A78 /* SceneDelegate.swift */ = {isa = PBXFileReference; lastKnownFileType = sourcecode.swift; path = SceneDelegate.swift; sourceTree = "<group>"; };
		107B35D626A0889900E21A78 /* ViewController.swift */ = {isa = PBXFileReference; lastKnownFileType = sourcecode.swift; path = ViewController.swift; sourceTree = "<group>"; };
		107B35D926A0889900E21A78 /* Base */ = {isa = PBXFileReference; lastKnownFileType = file.storyboard; name = Base; path = Base.lproj/Main.storyboard; sourceTree = "<group>"; };
		107B35DB26A0889C00E21A78 /* Assets.xcassets */ = {isa = PBXFileReference; lastKnownFileType = folder.assetcatalog; path = Assets.xcassets; sourceTree = "<group>"; };
		107B35DE26A0889C00E21A78 /* Base */ = {isa = PBXFileReference; lastKnownFileType = file.storyboard; name = Base; path = Base.lproj/LaunchScreen.storyboard; sourceTree = "<group>"; };
		107B35E026A0889C00E21A78 /* Info.plist */ = {isa = PBXFileReference; lastKnownFileType = text.plist.xml; path = Info.plist; sourceTree = "<group>"; };
		107B35E526A0889C00E21A78 /* TodoListTests.xctest */ = {isa = PBXFileReference; explicitFileType = wrapper.cfbundle; includeInIndex = 0; path = TodoListTests.xctest; sourceTree = BUILT_PRODUCTS_DIR; };
		107B35E926A0889C00E21A78 /* TodoListTests.swift */ = {isa = PBXFileReference; lastKnownFileType = sourcecode.swift; path = TodoListTests.swift; sourceTree = "<group>"; };
		107B35EB26A0889D00E21A78 /* Info.plist */ = {isa = PBXFileReference; lastKnownFileType = text.plist.xml; path = Info.plist; sourceTree = "<group>"; };
		107B35F026A0889D00E21A78 /* TodoListUITests.xctest */ = {isa = PBXFileReference; explicitFileType = wrapper.cfbundle; includeInIndex = 0; path = TodoListUITests.xctest; sourceTree = BUILT_PRODUCTS_DIR; };
		107B35F426A0889D00E21A78 /* TodoListUITests.swift */ = {isa = PBXFileReference; lastKnownFileType = sourcecode.swift; path = TodoListUITests.swift; sourceTree = "<group>"; };
		107B35F626A0889D00E21A78 /* Info.plist */ = {isa = PBXFileReference; lastKnownFileType = text.plist.xml; path = Info.plist; sourceTree = "<group>"; };
		107B360526A0A4CE00E21A78 /* ItemTableViewCell.swift */ = {isa = PBXFileReference; lastKnownFileType = sourcecode.swift; path = ItemTableViewCell.swift; sourceTree = "<group>"; };
		107B360A26A0A78D00E21A78 /* Item.swift */ = {isa = PBXFileReference; lastKnownFileType = sourcecode.swift; path = Item.swift; sourceTree = "<group>"; };
		107B360F26A0F83700E21A78 /* ItemTableViewController.swift */ = {isa = PBXFileReference; lastKnownFileType = sourcecode.swift; path = ItemTableViewController.swift; sourceTree = "<group>"; };
/* End PBXFileReference section */

/* Begin PBXFrameworksBuildPhase section */
		107B35CC26A0889900E21A78 /* Frameworks */ = {
			isa = PBXFrameworksBuildPhase;
			buildActionMask = 2147483647;
			files = (
			);
			runOnlyForDeploymentPostprocessing = 0;
		};
		107B35E226A0889C00E21A78 /* Frameworks */ = {
			isa = PBXFrameworksBuildPhase;
			buildActionMask = 2147483647;
			files = (
			);
			runOnlyForDeploymentPostprocessing = 0;
		};
		107B35ED26A0889D00E21A78 /* Frameworks */ = {
			isa = PBXFrameworksBuildPhase;
			buildActionMask = 2147483647;
			files = (
			);
			runOnlyForDeploymentPostprocessing = 0;
		};
/* End PBXFrameworksBuildPhase section */

/* Begin PBXGroup section */
		107B35C626A0889900E21A78 = {
			isa = PBXGroup;
			children = (
				107B35D126A0889900E21A78 /* TodoList */,
				107B35E826A0889C00E21A78 /* TodoListTests */,
				107B35F326A0889D00E21A78 /* TodoListUITests */,
				107B35D026A0889900E21A78 /* Products */,
			);
			sourceTree = "<group>";
		};
		107B35D026A0889900E21A78 /* Products */ = {
			isa = PBXGroup;
			children = (
				107B35CF26A0889900E21A78 /* TodoList.app */,
				107B35E526A0889C00E21A78 /* TodoListTests.xctest */,
				107B35F026A0889D00E21A78 /* TodoListUITests.xctest */,
			);
			name = Products;
			sourceTree = "<group>";
		};
		107B35D126A0889900E21A78 /* TodoList */ = {
			isa = PBXGroup;
			children = (
				107B35D226A0889900E21A78 /* AppDelegate.swift */,
				107B35D426A0889900E21A78 /* SceneDelegate.swift */,
				107B35D626A0889900E21A78 /* ViewController.swift */,
				107B35D826A0889900E21A78 /* Main.storyboard */,
				107B360526A0A4CE00E21A78 /* ItemTableViewCell.swift */,
				107B360A26A0A78D00E21A78 /* Item.swift */,
				107B360F26A0F83700E21A78 /* ItemTableViewController.swift */,
				107B35DB26A0889C00E21A78 /* Assets.xcassets */,
				107B35DD26A0889C00E21A78 /* LaunchScreen.storyboard */,
				107B35E026A0889C00E21A78 /* Info.plist */,
			);
			path = TodoList;
			sourceTree = "<group>";
		};
		107B35E826A0889C00E21A78 /* TodoListTests */ = {
			isa = PBXGroup;
			children = (
				107B35E926A0889C00E21A78 /* TodoListTests.swift */,
				107B35EB26A0889D00E21A78 /* Info.plist */,
			);
			path = TodoListTests;
			sourceTree = "<group>";
		};
		107B35F326A0889D00E21A78 /* TodoListUITests */ = {
			isa = PBXGroup;
			children = (
				107B35F426A0889D00E21A78 /* TodoListUITests.swift */,
				107B35F626A0889D00E21A78 /* Info.plist */,
			);
			path = TodoListUITests;
			sourceTree = "<group>";
		};
/* End PBXGroup section */

/* Begin PBXNativeTarget section */
		107B35CE26A0889900E21A78 /* TodoList */ = {
			isa = PBXNativeTarget;
			buildConfigurationList = 107B35F926A0889D00E21A78 /* Build configuration list for PBXNativeTarget "TodoList" */;
			buildPhases = (
				107B35CB26A0889900E21A78 /* Sources */,
				107B35CC26A0889900E21A78 /* Frameworks */,
				107B35CD26A0889900E21A78 /* Resources */,
			);
			buildRules = (
			);
			dependencies = (
			);
			name = TodoList;
			productName = TodoList;
			productReference = 107B35CF26A0889900E21A78 /* TodoList.app */;
			productType = "com.apple.product-type.application";
		};
		107B35E426A0889C00E21A78 /* TodoListTests */ = {
			isa = PBXNativeTarget;
			buildConfigurationList = 107B35FC26A0889D00E21A78 /* Build configuration list for PBXNativeTarget "TodoListTests" */;
			buildPhases = (
				107B35E126A0889C00E21A78 /* Sources */,
				107B35E226A0889C00E21A78 /* Frameworks */,
				107B35E326A0889C00E21A78 /* Resources */,
			);
			buildRules = (
			);
			dependencies = (
				107B35E726A0889C00E21A78 /* PBXTargetDependency */,
			);
			name = TodoListTests;
			productName = TodoListTests;
			productReference = 107B35E526A0889C00E21A78 /* TodoListTests.xctest */;
			productType = "com.apple.product-type.bundle.unit-test";
		};
		107B35EF26A0889D00E21A78 /* TodoListUITests */ = {
			isa = PBXNativeTarget;
			buildConfigurationList = 107B35FF26A0889D00E21A78 /* Build configuration list for PBXNativeTarget "TodoListUITests" */;
			buildPhases = (
				107B35EC26A0889D00E21A78 /* Sources */,
				107B35ED26A0889D00E21A78 /* Frameworks */,
				107B35EE26A0889D00E21A78 /* Resources */,
			);
			buildRules = (
			);
			dependencies = (
				107B35F226A0889D00E21A78 /* PBXTargetDependency */,
			);
			name = TodoListUITests;
			productName = TodoListUITests;
			productReference = 107B35F026A0889D00E21A78 /* TodoListUITests.xctest */;
			productType = "com.apple.product-type.bundle.ui-testing";
		};
/* End PBXNativeTarget section */

/* Begin PBXProject section */
		107B35C726A0889900E21A78 /* Project object */ = {
			isa = PBXProject;
			attributes = {
				LastSwiftUpdateCheck = 1240;
				LastUpgradeCheck = 1240;
				TargetAttributes = {
					107B35CE26A0889900E21A78 = {
						CreatedOnToolsVersion = 12.4;
					};
					107B35E426A0889C00E21A78 = {
						CreatedOnToolsVersion = 12.4;
						TestTargetID = 107B35CE26A0889900E21A78;
					};
					107B35EF26A0889D00E21A78 = {
						CreatedOnToolsVersion = 12.4;
						TestTargetID = 107B35CE26A0889900E21A78;
					};
				};
			};
			buildConfigurationList = 107B35CA26A0889900E21A78 /* Build configuration list for PBXProject "TodoList" */;
			compatibilityVersion = "Xcode 9.3";
			developmentRegion = en;
			hasScannedForEncodings = 0;
			knownRegions = (
				en,
				Base,
			);
			mainGroup = 107B35C626A0889900E21A78;
			productRefGroup = 107B35D026A0889900E21A78 /* Products */;
			projectDirPath = "";
			projectRoot = "";
			targets = (
				107B35CE26A0889900E21A78 /* TodoList */,
				107B35E426A0889C00E21A78 /* TodoListTests */,
				107B35EF26A0889D00E21A78 /* TodoListUITests */,
			);
		};
/* End PBXProject section */

/* Begin PBXResourcesBuildPhase section */
		107B35CD26A0889900E21A78 /* Resources */ = {
			isa = PBXResourcesBuildPhase;
			buildActionMask = 2147483647;
			files = (
				107B35DF26A0889C00E21A78 /* LaunchScreen.storyboard in Resources */,
				107B35DC26A0889C00E21A78 /* Assets.xcassets in Resources */,
				107B35DA26A0889900E21A78 /* Main.storyboard in Resources */,
			);
			runOnlyForDeploymentPostprocessing = 0;
		};
		107B35E326A0889C00E21A78 /* Resources */ = {
			isa = PBXResourcesBuildPhase;
			buildActionMask = 2147483647;
			files = (
			);
			runOnlyForDeploymentPostprocessing = 0;
		};
		107B35EE26A0889D00E21A78 /* Resources */ = {
			isa = PBXResourcesBuildPhase;
			buildActionMask = 2147483647;
			files = (
			);
			runOnlyForDeploymentPostprocessing = 0;
		};
/* End PBXResourcesBuildPhase section */

/* Begin PBXSourcesBuildPhase section */
		107B35CB26A0889900E21A78 /* Sources */ = {
			isa = PBXSourcesBuildPhase;
			buildActionMask = 2147483647;
			files = (
				107B360B26A0A78D00E21A78 /* Item.swift in Sources */,
				107B360626A0A4CE00E21A78 /* ItemTableViewCell.swift in Sources */,
				107B35D726A0889900E21A78 /* ViewController.swift in Sources */,
				107B35D326A0889900E21A78 /* AppDelegate.swift in Sources */,
				107B361026A0F83700E21A78 /* ItemTableViewController.swift in Sources */,
				107B35D526A0889900E21A78 /* SceneDelegate.swift in Sources */,
			);
			runOnlyForDeploymentPostprocessing = 0;
		};
		107B35E126A0889C00E21A78 /* Sources */ = {
			isa = PBXSourcesBuildPhase;
			buildActionMask = 2147483647;
			files = (
				107B35EA26A0889C00E21A78 /* TodoListTests.swift in Sources */,
			);
			runOnlyForDeploymentPostprocessing = 0;
		};
		107B35EC26A0889D00E21A78 /* Sources */ = {
			isa = PBXSourcesBuildPhase;
			buildActionMask = 2147483647;
			files = (
				107B35F526A0889D00E21A78 /* TodoListUITests.swift in Sources */,
			);
			runOnlyForDeploymentPostprocessing = 0;
		};
/* End PBXSourcesBuildPhase section */

/* Begin PBXTargetDependency section */
		107B35E726A0889C00E21A78 /* PBXTargetDependency */ = {
			isa = PBXTargetDependency;
			target = 107B35CE26A0889900E21A78 /* TodoList */;
			targetProxy = 107B35E626A0889C00E21A78 /* PBXContainerItemProxy */;
		};
		107B35F226A0889D00E21A78 /* PBXTargetDependency */ = {
			isa = PBXTargetDependency;
			target = 107B35CE26A0889900E21A78 /* TodoList */;
			targetProxy = 107B35F126A0889D00E21A78 /* PBXContainerItemProxy */;
		};
/* End PBXTargetDependency section */

/* Begin PBXVariantGroup section */
		107B35D826A0889900E21A78 /* Main.storyboard */ = {
			isa = PBXVariantGroup;
			children = (
				107B35D926A0889900E21A78 /* Base */,
			);
			name = Main.storyboard;
			sourceTree = "<group>";
		};
		107B35DD26A0889C00E21A78 /* LaunchScreen.storyboard */ = {
			isa = PBXVariantGroup;
			children = (
				107B35DE26A0889C00E21A78 /* Base */,
			);
			name = LaunchScreen.storyboard;
			sourceTree = "<group>";
		};
/* End PBXVariantGroup section */

/* Begin XCBuildConfiguration section */
		107B35F726A0889D00E21A78 /* Debug */ = {
			isa = XCBuildConfiguration;
			buildSettings = {
				ALWAYS_SEARCH_USER_PATHS = NO;
				CLANG_ANALYZER_NONNULL = YES;
				CLANG_ANALYZER_NUMBER_OBJECT_CONVERSION = YES_AGGRESSIVE;
				CLANG_CXX_LANGUAGE_STANDARD = "gnu++14";
				CLANG_CXX_LIBRARY = "libc++";
				CLANG_ENABLE_MODULES = YES;
				CLANG_ENABLE_OBJC_ARC = YES;
				CLANG_ENABLE_OBJC_WEAK = YES;
				CLANG_WARN_BLOCK_CAPTURE_AUTORELEASING = YES;
				CLANG_WARN_BOOL_CONVERSION = YES;
				CLANG_WARN_COMMA = YES;
				CLANG_WARN_CONSTANT_CONVERSION = YES;
				CLANG_WARN_DEPRECATED_OBJC_IMPLEMENTATIONS = YES;
				CLANG_WARN_DIRECT_OBJC_ISA_USAGE = YES_ERROR;
				CLANG_WARN_DOCUMENTATION_COMMENTS = YES;
				CLANG_WARN_EMPTY_BODY = YES;
				CLANG_WARN_ENUM_CONVERSION = YES;
				CLANG_WARN_INFINITE_RECURSION = YES;
				CLANG_WARN_INT_CONVERSION = YES;
				CLANG_WARN_NON_LITERAL_NULL_CONVERSION = YES;
				CLANG_WARN_OBJC_IMPLICIT_RETAIN_SELF = YES;
				CLANG_WARN_OBJC_LITERAL_CONVERSION = YES;
				CLANG_WARN_OBJC_ROOT_CLASS = YES_ERROR;
				CLANG_WARN_QUOTED_INCLUDE_IN_FRAMEWORK_HEADER = YES;
				CLANG_WARN_RANGE_LOOP_ANALYSIS = YES;
				CLANG_WARN_STRICT_PROTOTYPES = YES;
				CLANG_WARN_SUSPICIOUS_MOVE = YES;
				CLANG_WARN_UNGUARDED_AVAILABILITY = YES_AGGRESSIVE;
				CLANG_WARN_UNREACHABLE_CODE = YES;
				CLANG_WARN__DUPLICATE_METHOD_MATCH = YES;
				COPY_PHASE_STRIP = NO;
				DEBUG_INFORMATION_FORMAT = dwarf;
				ENABLE_STRICT_OBJC_MSGSEND = YES;
				ENABLE_TESTABILITY = YES;
				GCC_C_LANGUAGE_STANDARD = gnu11;
				GCC_DYNAMIC_NO_PIC = NO;
				GCC_NO_COMMON_BLOCKS = YES;
				GCC_OPTIMIZATION_LEVEL = 0;
				GCC_PREPROCESSOR_DEFINITIONS = (
					"DEBUG=1",
					"$(inherited)",
				);
				GCC_WARN_64_TO_32_BIT_CONVERSION = YES;
				GCC_WARN_ABOUT_RETURN_TYPE = YES_ERROR;
				GCC_WARN_UNDECLARED_SELECTOR = YES;
				GCC_WARN_UNINITIALIZED_AUTOS = YES_AGGRESSIVE;
				GCC_WARN_UNUSED_FUNCTION = YES;
				GCC_WARN_UNUSED_VARIABLE = YES;
				IPHONEOS_DEPLOYMENT_TARGET = 14.4;
				MTL_ENABLE_DEBUG_INFO = INCLUDE_SOURCE;
				MTL_FAST_MATH = YES;
				ONLY_ACTIVE_ARCH = YES;
				SDKROOT = iphoneos;
				SWIFT_ACTIVE_COMPILATION_CONDITIONS = DEBUG;
				SWIFT_OPTIMIZATION_LEVEL = "-Onone";
			};
			name = Debug;
		};
		107B35F826A0889D00E21A78 /* Release */ = {
			isa = XCBuildConfiguration;
			buildSettings = {
				ALWAYS_SEARCH_USER_PATHS = NO;
				CLANG_ANALYZER_NONNULL = YES;
				CLANG_ANALYZER_NUMBER_OBJECT_CONVERSION = YES_AGGRESSIVE;
				CLANG_CXX_LANGUAGE_STANDARD = "gnu++14";
				CLANG_CXX_LIBRARY = "libc++";
				CLANG_ENABLE_MODULES = YES;
				CLANG_ENABLE_OBJC_ARC = YES;
				CLANG_ENABLE_OBJC_WEAK = YES;
				CLANG_WARN_BLOCK_CAPTURE_AUTORELEASING = YES;
				CLANG_WARN_BOOL_CONVERSION = YES;
				CLANG_WARN_COMMA = YES;
				CLANG_WARN_CONSTANT_CONVERSION = YES;
				CLANG_WARN_DEPRECATED_OBJC_IMPLEMENTATIONS = YES;
				CLANG_WARN_DIRECT_OBJC_ISA_USAGE = YES_ERROR;
				CLANG_WARN_DOCUMENTATION_COMMENTS = YES;
				CLANG_WARN_EMPTY_BODY = YES;
				CLANG_WARN_ENUM_CONVERSION = YES;
				CLANG_WARN_INFINITE_RECURSION = YES;
				CLANG_WARN_INT_CONVERSION = YES;
				CLANG_WARN_NON_LITERAL_NULL_CONVERSION = YES;
				CLANG_WARN_OBJC_IMPLICIT_RETAIN_SELF = YES;
				CLANG_WARN_OBJC_LITERAL_CONVERSION = YES;
				CLANG_WARN_OBJC_ROOT_CLASS = YES_ERROR;
				CLANG_WARN_QUOTED_INCLUDE_IN_FRAMEWORK_HEADER = YES;
				CLANG_WARN_RANGE_LOOP_ANALYSIS = YES;
				CLANG_WARN_STRICT_PROTOTYPES = YES;
				CLANG_WARN_SUSPICIOUS_MOVE = YES;
				CLANG_WARN_UNGUARDED_AVAILABILITY = YES_AGGRESSIVE;
				CLANG_WARN_UNREACHABLE_CODE = YES;
				CLANG_WARN__DUPLICATE_METHOD_MATCH = YES;
				COPY_PHASE_STRIP = NO;
				DEBUG_INFORMATION_FORMAT = "dwarf-with-dsym";
				ENABLE_NS_ASSERTIONS = NO;
				ENABLE_STRICT_OBJC_MSGSEND = YES;
				GCC_C_LANGUAGE_STANDARD = gnu11;
				GCC_NO_COMMON_BLOCKS = YES;
				GCC_WARN_64_TO_32_BIT_CONVERSION = YES;
				GCC_WARN_ABOUT_RETURN_TYPE = YES_ERROR;
				GCC_WARN_UNDECLARED_SELECTOR = YES;
				GCC_WARN_UNINITIALIZED_AUTOS = YES_AGGRESSIVE;
				GCC_WARN_UNUSED_FUNCTION = YES;
				GCC_WARN_UNUSED_VARIABLE = YES;
				IPHONEOS_DEPLOYMENT_TARGET = 14.4;
				MTL_ENABLE_DEBUG_INFO = NO;
				MTL_FAST_MATH = YES;
				SDKROOT = iphoneos;
				SWIFT_COMPILATION_MODE = wholemodule;
				SWIFT_OPTIMIZATION_LEVEL = "-O";
				VALIDATE_PRODUCT = YES;
			};
			name = Release;
		};
		107B35FA26A0889D00E21A78 /* Debug */ = {
			isa = XCBuildConfiguration;
			buildSettings = {
				ASSETCATALOG_COMPILER_APPICON_NAME = AppIcon;
				ASSETCATALOG_COMPILER_GLOBAL_ACCENT_COLOR_NAME = AccentColor;
				CODE_SIGN_STYLE = Automatic;
				DEVELOPMENT_TEAM = 8RLHS7PG88;
				INFOPLIST_FILE = TodoList/Info.plist;
				LD_RUNPATH_SEARCH_PATHS = (
					"$(inherited)",
					"@executable_path/Frameworks",
				);
				PRODUCT_BUNDLE_IDENTIFIER = com.github.bukunmiola.TodoList;
				PRODUCT_NAME = "$(TARGET_NAME)";
				SWIFT_VERSION = 5.0;
				TARGETED_DEVICE_FAMILY = "1,2";
			};
			name = Debug;
		};
		107B35FB26A0889D00E21A78 /* Release */ = {
			isa = XCBuildConfiguration;
			buildSettings = {
				ASSETCATALOG_COMPILER_APPICON_NAME = AppIcon;
				ASSETCATALOG_COMPILER_GLOBAL_ACCENT_COLOR_NAME = AccentColor;
				CODE_SIGN_STYLE = Automatic;
				DEVELOPMENT_TEAM = 8RLHS7PG88;
				INFOPLIST_FILE = TodoList/Info.plist;
				LD_RUNPATH_SEARCH_PATHS = (
					"$(inherited)",
					"@executable_path/Frameworks",
				);
				PRODUCT_BUNDLE_IDENTIFIER = com.github.bukunmiola.TodoList;
				PRODUCT_NAME = "$(TARGET_NAME)";
				SWIFT_VERSION = 5.0;
				TARGETED_DEVICE_FAMILY = "1,2";
			};
			name = Release;
		};
		107B35FD26A0889D00E21A78 /* Debug */ = {
			isa = XCBuildConfiguration;
			buildSettings = {
				ALWAYS_EMBED_SWIFT_STANDARD_LIBRARIES = YES;
				BUNDLE_LOADER = "$(TEST_HOST)";
				CODE_SIGN_STYLE = Automatic;
				DEVELOPMENT_TEAM = 8RLHS7PG88;
				INFOPLIST_FILE = TodoListTests/Info.plist;
				IPHONEOS_DEPLOYMENT_TARGET = 14.4;
				LD_RUNPATH_SEARCH_PATHS = (
					"$(inherited)",
					"@executable_path/Frameworks",
					"@loader_path/Frameworks",
				);
				PRODUCT_BUNDLE_IDENTIFIER = com.github.bukunmiola.TodoListTests;
				PRODUCT_NAME = "$(TARGET_NAME)";
				SWIFT_VERSION = 5.0;
				TARGETED_DEVICE_FAMILY = "1,2";
				TEST_HOST = "$(BUILT_PRODUCTS_DIR)/TodoList.app/TodoList";
			};
			name = Debug;
		};
		107B35FE26A0889D00E21A78 /* Release */ = {
			isa = XCBuildConfiguration;
			buildSettings = {
				ALWAYS_EMBED_SWIFT_STANDARD_LIBRARIES = YES;
				BUNDLE_LOADER = "$(TEST_HOST)";
				CODE_SIGN_STYLE = Automatic;
				DEVELOPMENT_TEAM = 8RLHS7PG88;
				INFOPLIST_FILE = TodoListTests/Info.plist;
				IPHONEOS_DEPLOYMENT_TARGET = 14.4;
				LD_RUNPATH_SEARCH_PATHS = (
					"$(inherited)",
					"@executable_path/Frameworks",
					"@loader_path/Frameworks",
				);
				PRODUCT_BUNDLE_IDENTIFIER = com.github.bukunmiola.TodoListTests;
				PRODUCT_NAME = "$(TARGET_NAME)";
				SWIFT_VERSION = 5.0;
				TARGETED_DEVICE_FAMILY = "1,2";
				TEST_HOST = "$(BUILT_PRODUCTS_DIR)/TodoList.app/TodoList";
			};
			name = Release;
		};
		107B360026A0889D00E21A78 /* Debug */ = {
			isa = XCBuildConfiguration;
			buildSettings = {
				ALWAYS_EMBED_SWIFT_STANDARD_LIBRARIES = YES;
				CODE_SIGN_STYLE = Automatic;
				DEVELOPMENT_TEAM = 8RLHS7PG88;
				INFOPLIST_FILE = TodoListUITests/Info.plist;
				LD_RUNPATH_SEARCH_PATHS = (
					"$(inherited)",
					"@executable_path/Frameworks",
					"@loader_path/Frameworks",
				);
				PRODUCT_BUNDLE_IDENTIFIER = com.github.bukunmiola.TodoListUITests;
				PRODUCT_NAME = "$(TARGET_NAME)";
				SWIFT_VERSION = 5.0;
				TARGETED_DEVICE_FAMILY = "1,2";
				TEST_TARGET_NAME = TodoList;
			};
			name = Debug;
		};
		107B360126A0889D00E21A78 /* Release */ = {
			isa = XCBuildConfiguration;
			buildSettings = {
				ALWAYS_EMBED_SWIFT_STANDARD_LIBRARIES = YES;
				CODE_SIGN_STYLE = Automatic;
				DEVELOPMENT_TEAM = 8RLHS7PG88;
				INFOPLIST_FILE = TodoListUITests/Info.plist;
				LD_RUNPATH_SEARCH_PATHS = (
					"$(inherited)",
					"@executable_path/Frameworks",
					"@loader_path/Frameworks",
				);
				PRODUCT_BUNDLE_IDENTIFIER = com.github.bukunmiola.TodoListUITests;
				PRODUCT_NAME = "$(TARGET_NAME)";
				SWIFT_VERSION = 5.0;
				TARGETED_DEVICE_FAMILY = "1,2";
				TEST_TARGET_NAME = TodoList;
			};
			name = Release;
		};
/* End XCBuildConfiguration section */

/* Begin XCConfigurationList section */
		107B35CA26A0889900E21A78 /* Build configuration list for PBXProject "TodoList" */ = {
			isa = XCConfigurationList;
			buildConfigurations = (
				107B35F726A0889D00E21A78 /* Debug */,
				107B35F826A0889D00E21A78 /* Release */,
			);
			defaultConfigurationIsVisible = 0;
			defaultConfigurationName = Release;
		};
		107B35F926A0889D00E21A78 /* Build configuration list for PBXNativeTarget "TodoList" */ = {
			isa = XCConfigurationList;
			buildConfigurations = (
				107B35FA26A0889D00E21A78 /* Debug */,
				107B35FB26A0889D00E21A78 /* Release */,
			);
			defaultConfigurationIsVisible = 0;
			defaultConfigurationName = Release;
		};
		107B35FC26A0889D00E21A78 /* Build configuration list for PBXNativeTarget "TodoListTests" */ = {
			isa = XCConfigurationList;
			buildConfigurations = (
				107B35FD26A0889D00E21A78 /* Debug */,
				107B35FE26A0889D00E21A78 /* Release */,
			);
			defaultConfigurationIsVisible = 0;
			defaultConfigurationName = Release;
		};
		107B35FF26A0889D00E21A78 /* Build configuration list for PBXNativeTarget "TodoListUITests" */ = {
			isa = XCConfigurationList;
			buildConfigurations = (
				107B360026A0889D00E21A78 /* Debug */,
				107B360126A0889D00E21A78 /* Release */,
			);
			defaultConfigurationIsVisible = 0;
			defaultConfigurationName = Release;
		};
/* End XCConfigurationList section */
	};
	rootObject = 107B35C726A0889900E21A78 /* Project object */;
}
